
Microsoft Visual Studio Solution File, Format Version 12.00
# Visual Studio Version 16
VisualStudioVersion = 16.0.32630.194
MinimumVisualStudioVersion = 10.0.40219.1
Project("{9A19103F-16F7-4668-BE54-9A1E7A4F7556}") = "ShopApp.WebUI", "ShopApp.WebUI\ShopApp.WebUI.csproj", "{E3297F9D-E6BF-44B6-B496-1A286B20F632}"
EndProject
Project("{FAE04EC0-301F-11D3-BF4B-00C04F79EFBC}") = "ShopApp.Entity", "ShopApp.Entity\ShopApp.Entity.csproj", "{3E9397FC-708D-4178-85C3-7F90888BF44A}"
EndProject
Global
	GlobalSection(SolutionConfigurationPlatforms) = preSolution
		Debug|Any CPU = Debug|Any CPU
		Release|Any CPU = Release|Any CPU
	EndGlobalSection
	GlobalSection(ProjectConfigurationPlatforms) = postSolution
		{E3297F9D-E6BF-44B6-B496-1A286B20F632}.Debug|Any CPU.ActiveCfg = Debug|Any CPU
		{E3297F9D-E6BF-44B6-B496-1A286B20F632}.Debug|Any CPU.Build.0 = Debug|Any CPU
		{E3297F9D-E6BF-44B6-B496-1A286B20F632}.Release|Any CPU.ActiveCfg = Release|Any CPU
		{E3297F9D-E6BF-44B6-B496-1A286B20F632}.Release|Any CPU.Build.0 = Release|Any CPU
		{3E9397FC-708D-4178-85C3-7F90888BF44A}.Debug|Any CPU.ActiveCfg = Debug|Any CPU
		{3E9397FC-708D-4178-85C3-7F90888BF44A}.Debug|Any CPU.Build.0 = Debug|Any CPU
		{3E9397FC-708D-4178-85C3-7F90888BF44A}.Release|Any CPU.ActiveCfg = Release|Any CPU
		{3E9397FC-708D-4178-85C3-7F90888BF44A}.Release|Any CPU.Build.0 = Release|Any CPU
	EndGlobalSection
	GlobalSection(SolutionProperties) = preSolution
		HideSolutionNode = FALSE
	EndGlobalSection
	GlobalSection(ExtensibilityGlobals) = postSolution
		SolutionGuid = {0ED5B8C7-F7E1-4159-B800-B5A5389FC8A7}
	EndGlobalSection
EndGlobal
